// !$*UTF8*$!
{
	archiveVersion = 1;
	classes = {
	};
	objectVersion = 51;
	objects = {

/* Begin PBXBuildFile section */
		0F2D4924260313AB006FF66A /* AppDelegate.swift in Sources */ = {isa = PBXBuildFile; fileRef = 0F2D4923260313AB006FF66A /* AppDelegate.swift */; };
		0F2D4926260313AB006FF66A /* SceneDelegate.swift in Sources */ = {isa = PBXBuildFile; fileRef = 0F2D4925260313AB006FF66A /* SceneDelegate.swift */; };
		0F2D492B260313AB006FF66A /* Main.storyboard in Resources */ = {isa = PBXBuildFile; fileRef = 0F2D4929260313AB006FF66A /* Main.storyboard */; };
		0F2D492D260313AE006FF66A /* Assets.xcassets in Resources */ = {isa = PBXBuildFile; fileRef = 0F2D492C260313AE006FF66A /* Assets.xcassets */; };
		0F2D4930260313AE006FF66A /* LaunchScreen.storyboard in Resources */ = {isa = PBXBuildFile; fileRef = 0F2D492E260313AE006FF66A /* LaunchScreen.storyboard */; };
		0F2D493B260313AE006FF66A /* ParstagramTests.swift in Sources */ = {isa = PBXBuildFile; fileRef = 0F2D493A260313AE006FF66A /* ParstagramTests.swift */; };
		0F2D4946260313AE006FF66A /* ParstagramUITests.swift in Sources */ = {isa = PBXBuildFile; fileRef = 0F2D4945260313AE006FF66A /* ParstagramUITests.swift */; };
		0F2D4963260317C4006FF66A /* LoginViewController.swift in Sources */ = {isa = PBXBuildFile; fileRef = 0F2D4962260317C4006FF66A /* LoginViewController.swift */; };
		0F2D4968260317D3006FF66A /* FeedViewController.swift in Sources */ = {isa = PBXBuildFile; fileRef = 0F2D4967260317D3006FF66A /* FeedViewController.swift */; };
		0FFA679B2606D7A5001DD235 /* CameraViewController.swift in Sources */ = {isa = PBXBuildFile; fileRef = 0FFA679A2606D7A5001DD235 /* CameraViewController.swift */; };
		0FFA67A02606ED63001DD235 /* PostCell.swift in Sources */ = {isa = PBXBuildFile; fileRef = 0FFA679F2606ED63001DD235 /* PostCell.swift */; };
		9DC951032C18A7BFF8144E55 /* Pods_Parstagram.framework in Frameworks */ = {isa = PBXBuildFile; fileRef = 03C9579709369909FD504E91 /* Pods_Parstagram.framework */; };
		C2FF7FC34B8AE0E4292B2595 /* Pods_Parstagram_ParstagramUITests.framework in Frameworks */ = {isa = PBXBuildFile; fileRef = 008285B851A17A634827CFAC /* Pods_Parstagram_ParstagramUITests.framework */; };
		CCAF9EA1A1EFE9A6AC2E5BBA /* Pods_ParstagramTests.framework in Frameworks */ = {isa = PBXBuildFile; fileRef = F31C13210B61428D054C6E03 /* Pods_ParstagramTests.framework */; };
/* End PBXBuildFile section */

/* Begin PBXContainerItemProxy section */
		0F2D4937260313AE006FF66A /* PBXContainerItemProxy */ = {
			isa = PBXContainerItemProxy;
			containerPortal = 0F2D4918260313AA006FF66A /* Project object */;
			proxyType = 1;
			remoteGlobalIDString = 0F2D491F260313AB006FF66A;
			remoteInfo = Parstagram;
		};
		0F2D4942260313AE006FF66A /* PBXContainerItemProxy */ = {
			isa = PBXContainerItemProxy;
			containerPortal = 0F2D4918260313AA006FF66A /* Project object */;
			proxyType = 1;
			remoteGlobalIDString = 0F2D491F260313AB006FF66A;
			remoteInfo = Parstagram;
		};
/* End PBXContainerItemProxy section */

/* Begin PBXFileReference section */
		008285B851A17A634827CFAC /* Pods_Parstagram_ParstagramUITests.framework */ = {isa = PBXFileReference; explicitFileType = wrapper.framework; includeInIndex = 0; path = Pods_Parstagram_ParstagramUITests.framework; sourceTree = BUILT_PRODUCTS_DIR; };
		03C9579709369909FD504E91 /* Pods_Parstagram.framework */ = {isa = PBXFileReference; explicitFileType = wrapper.framework; includeInIndex = 0; path = Pods_Parstagram.framework; sourceTree = BUILT_PRODUCTS_DIR; };
		0F2D4920260313AB006FF66A /* Parstagram.app */ = {isa = PBXFileReference; explicitFileType = wrapper.application; includeInIndex = 0; path = Parstagram.app; sourceTree = BUILT_PRODUCTS_DIR; };
		0F2D4923260313AB006FF66A /* AppDelegate.swift */ = {isa = PBXFileReference; lastKnownFileType = sourcecode.swift; path = AppDelegate.swift; sourceTree = "<group>"; };
		0F2D4925260313AB006FF66A /* SceneDelegate.swift */ = {isa = PBXFileReference; lastKnownFileType = sourcecode.swift; path = SceneDelegate.swift; sourceTree = "<group>"; };
		0F2D492A260313AB006FF66A /* Base */ = {isa = PBXFileReference; lastKnownFileType = file.storyboard; name = Base; path = Base.lproj/Main.storyboard; sourceTree = "<group>"; };
		0F2D492C260313AE006FF66A /* Assets.xcassets */ = {isa = PBXFileReference; lastKnownFileType = folder.assetcatalog; path = Assets.xcassets; sourceTree = "<group>"; };
		0F2D492F260313AE006FF66A /* Base */ = {isa = PBXFileReference; lastKnownFileType = file.storyboard; name = Base; path = Base.lproj/LaunchScreen.storyboard; sourceTree = "<group>"; };
		0F2D4931260313AE006FF66A /* Info.plist */ = {isa = PBXFileReference; lastKnownFileType = text.plist.xml; path = Info.plist; sourceTree = "<group>"; };
		0F2D4936260313AE006FF66A /* ParstagramTests.xctest */ = {isa = PBXFileReference; explicitFileType = wrapper.cfbundle; includeInIndex = 0; path = ParstagramTests.xctest; sourceTree = BUILT_PRODUCTS_DIR; };
		0F2D493A260313AE006FF66A /* ParstagramTests.swift */ = {isa = PBXFileReference; lastKnownFileType = sourcecode.swift; path = ParstagramTests.swift; sourceTree = "<group>"; };
		0F2D493C260313AE006FF66A /* Info.plist */ = {isa = PBXFileReference; lastKnownFileType = text.plist.xml; path = Info.plist; sourceTree = "<group>"; };
		0F2D4941260313AE006FF66A /* ParstagramUITests.xctest */ = {isa = PBXFileReference; explicitFileType = wrapper.cfbundle; includeInIndex = 0; path = ParstagramUITests.xctest; sourceTree = BUILT_PRODUCTS_DIR; };
		0F2D4945260313AE006FF66A /* ParstagramUITests.swift */ = {isa = PBXFileReference; lastKnownFileType = sourcecode.swift; path = ParstagramUITests.swift; sourceTree = "<group>"; };
		0F2D4947260313AE006FF66A /* Info.plist */ = {isa = PBXFileReference; lastKnownFileType = text.plist.xml; path = Info.plist; sourceTree = "<group>"; };
		0F2D4962260317C4006FF66A /* LoginViewController.swift */ = {isa = PBXFileReference; lastKnownFileType = sourcecode.swift; path = LoginViewController.swift; sourceTree = "<group>"; };
		0F2D4967260317D3006FF66A /* FeedViewController.swift */ = {isa = PBXFileReference; lastKnownFileType = sourcecode.swift; path = FeedViewController.swift; sourceTree = "<group>"; };
		0FFA679A2606D7A5001DD235 /* CameraViewController.swift */ = {isa = PBXFileReference; lastKnownFileType = sourcecode.swift; path = CameraViewController.swift; sourceTree = "<group>"; };
		0FFA679F2606ED63001DD235 /* PostCell.swift */ = {isa = PBXFileReference; lastKnownFileType = sourcecode.swift; path = PostCell.swift; sourceTree = "<group>"; };
		36C49934F41ED8EA40DCA73E /* Pods-Parstagram-ParstagramUITests.debug.xcconfig */ = {isa = PBXFileReference; includeInIndex = 1; lastKnownFileType = text.xcconfig; name = "Pods-Parstagram-ParstagramUITests.debug.xcconfig"; path = "Target Support Files/Pods-Parstagram-ParstagramUITests/Pods-Parstagram-ParstagramUITests.debug.xcconfig"; sourceTree = "<group>"; };
		3A93223418DB52AFC6F23D5D /* Pods-Parstagram-ParstagramUITests.release.xcconfig */ = {isa = PBXFileReference; includeInIndex = 1; lastKnownFileType = text.xcconfig; name = "Pods-Parstagram-ParstagramUITests.release.xcconfig"; path = "Target Support Files/Pods-Parstagram-ParstagramUITests/Pods-Parstagram-ParstagramUITests.release.xcconfig"; sourceTree = "<group>"; };
		3D27F71B7D668416FD0DB147 /* Pods-Parstagram.debug.xcconfig */ = {isa = PBXFileReference; includeInIndex = 1; lastKnownFileType = text.xcconfig; name = "Pods-Parstagram.debug.xcconfig"; path = "Target Support Files/Pods-Parstagram/Pods-Parstagram.debug.xcconfig"; sourceTree = "<group>"; };
		A4C5C6EB6AF763E072453718 /* Pods-ParstagramTests.release.xcconfig */ = {isa = PBXFileReference; includeInIndex = 1; lastKnownFileType = text.xcconfig; name = "Pods-ParstagramTests.release.xcconfig"; path = "Target Support Files/Pods-ParstagramTests/Pods-ParstagramTests.release.xcconfig"; sourceTree = "<group>"; };
		C2435F3E946C816DB76F0CC9 /* Pods-Parstagram.release.xcconfig */ = {isa = PBXFileReference; includeInIndex = 1; lastKnownFileType = text.xcconfig; name = "Pods-Parstagram.release.xcconfig"; path = "Target Support Files/Pods-Parstagram/Pods-Parstagram.release.xcconfig"; sourceTree = "<group>"; };
		C736A2B6A365AEB039A80E9E /* Pods-ParstagramTests.debug.xcconfig */ = {isa = PBXFileReference; includeInIndex = 1; lastKnownFileType = text.xcconfig; name = "Pods-ParstagramTests.debug.xcconfig"; path = "Target Support Files/Pods-ParstagramTests/Pods-ParstagramTests.debug.xcconfig"; sourceTree = "<group>"; };
		F31C13210B61428D054C6E03 /* Pods_ParstagramTests.framework */ = {isa = PBXFileReference; explicitFileType = wrapper.framework; includeInIndex = 0; path = Pods_ParstagramTests.framework; sourceTree = BUILT_PRODUCTS_DIR; };
/* End PBXFileReference section */

/* Begin PBXFrameworksBuildPhase section */
		0F2D491D260313AB006FF66A /* Frameworks */ = {
			isa = PBXFrameworksBuildPhase;
			buildActionMask = 2147483647;
			files = (
				9DC951032C18A7BFF8144E55 /* Pods_Parstagram.framework in Frameworks */,
			);
			runOnlyForDeploymentPostprocessing = 0;
		};
		0F2D4933260313AE006FF66A /* Frameworks */ = {
			isa = PBXFrameworksBuildPhase;
			buildActionMask = 2147483647;
			files = (
				CCAF9EA1A1EFE9A6AC2E5BBA /* Pods_ParstagramTests.framework in Frameworks */,
			);
			runOnlyForDeploymentPostprocessing = 0;
		};
		0F2D493E260313AE006FF66A /* Frameworks */ = {
			isa = PBXFrameworksBuildPhase;
			buildActionMask = 2147483647;
			files = (
				C2FF7FC34B8AE0E4292B2595 /* Pods_Parstagram_ParstagramUITests.framework in Frameworks */,
			);
			runOnlyForDeploymentPostprocessing = 0;
		};
/* End PBXFrameworksBuildPhase section */

/* Begin PBXGroup section */
		0F2D4917260313AA006FF66A = {
			isa = PBXGroup;
			children = (
				0F2D4922260313AB006FF66A /* Parstagram */,
				0F2D4939260313AE006FF66A /* ParstagramTests */,
				0F2D4944260313AE006FF66A /* ParstagramUITests */,
				0F2D4921260313AB006FF66A /* Products */,
				569A6625C8A9581ADBF02722 /* Pods */,
				C96C8162B9D5B088980B4B80 /* Frameworks */,
			);
			sourceTree = "<group>";
		};
		0F2D4921260313AB006FF66A /* Products */ = {
			isa = PBXGroup;
			children = (
				0F2D4920260313AB006FF66A /* Parstagram.app */,
				0F2D4936260313AE006FF66A /* ParstagramTests.xctest */,
				0F2D4941260313AE006FF66A /* ParstagramUITests.xctest */,
			);
			name = Products;
			sourceTree = "<group>";
		};
		0F2D4922260313AB006FF66A /* Parstagram */ = {
			isa = PBXGroup;
			children = (
				0F2D4923260313AB006FF66A /* AppDelegate.swift */,
				0F2D4925260313AB006FF66A /* SceneDelegate.swift */,
				0F2D4929260313AB006FF66A /* Main.storyboard */,
				0F2D492C260313AE006FF66A /* Assets.xcassets */,
				0F2D492E260313AE006FF66A /* LaunchScreen.storyboard */,
				0F2D4931260313AE006FF66A /* Info.plist */,
				0F2D4962260317C4006FF66A /* LoginViewController.swift */,
				0F2D4967260317D3006FF66A /* FeedViewController.swift */,
				0FFA679A2606D7A5001DD235 /* CameraViewController.swift */,
				0FFA679F2606ED63001DD235 /* PostCell.swift */,
			);
			path = Parstagram;
			sourceTree = "<group>";
		};
		0F2D4939260313AE006FF66A /* ParstagramTests */ = {
			isa = PBXGroup;
			children = (
				0F2D493A260313AE006FF66A /* ParstagramTests.swift */,
				0F2D493C260313AE006FF66A /* Info.plist */,
			);
			path = ParstagramTests;
			sourceTree = "<group>";
		};
		0F2D4944260313AE006FF66A /* ParstagramUITests */ = {
			isa = PBXGroup;
			children = (
				0F2D4945260313AE006FF66A /* ParstagramUITests.swift */,
				0F2D4947260313AE006FF66A /* Info.plist */,
			);
			path = ParstagramUITests;
			sourceTree = "<group>";
		};
		569A6625C8A9581ADBF02722 /* Pods */ = {
			isa = PBXGroup;
			children = (
				3D27F71B7D668416FD0DB147 /* Pods-Parstagram.debug.xcconfig */,
				C2435F3E946C816DB76F0CC9 /* Pods-Parstagram.release.xcconfig */,
				36C49934F41ED8EA40DCA73E /* Pods-Parstagram-ParstagramUITests.debug.xcconfig */,
				3A93223418DB52AFC6F23D5D /* Pods-Parstagram-ParstagramUITests.release.xcconfig */,
				C736A2B6A365AEB039A80E9E /* Pods-ParstagramTests.debug.xcconfig */,
				A4C5C6EB6AF763E072453718 /* Pods-ParstagramTests.release.xcconfig */,
			);
			path = Pods;
			sourceTree = "<group>";
		};
		C96C8162B9D5B088980B4B80 /* Frameworks */ = {
			isa = PBXGroup;
			children = (
				03C9579709369909FD504E91 /* Pods_Parstagram.framework */,
				008285B851A17A634827CFAC /* Pods_Parstagram_ParstagramUITests.framework */,
				F31C13210B61428D054C6E03 /* Pods_ParstagramTests.framework */,
			);
			name = Frameworks;
			sourceTree = "<group>";
		};
/* End PBXGroup section */

/* Begin PBXNativeTarget section */
		0F2D491F260313AB006FF66A /* Parstagram */ = {
			isa = PBXNativeTarget;
			buildConfigurationList = 0F2D494A260313AE006FF66A /* Build configuration list for PBXNativeTarget "Parstagram" */;
			buildPhases = (
				F3050B02B0DA3FA812CCA8F1 /* [CP] Check Pods Manifest.lock */,
				0F2D491C260313AB006FF66A /* Sources */,
				0F2D491D260313AB006FF66A /* Frameworks */,
				0F2D491E260313AB006FF66A /* Resources */,
				74D036F2496004134CCC10DD /* [CP] Embed Pods Frameworks */,
			);
			buildRules = (
			);
			dependencies = (
			);
			name = Parstagram;
			productName = Parstagram;
			productReference = 0F2D4920260313AB006FF66A /* Parstagram.app */;
			productType = "com.apple.product-type.application";
		};
		0F2D4935260313AE006FF66A /* ParstagramTests */ = {
			isa = PBXNativeTarget;
			buildConfigurationList = 0F2D494D260313AE006FF66A /* Build configuration list for PBXNativeTarget "ParstagramTests" */;
			buildPhases = (
				623452A8F7F2F3686FEC56F8 /* [CP] Check Pods Manifest.lock */,
				0F2D4932260313AE006FF66A /* Sources */,
				0F2D4933260313AE006FF66A /* Frameworks */,
				0F2D4934260313AE006FF66A /* Resources */,
			);
			buildRules = (
			);
			dependencies = (
				0F2D4938260313AE006FF66A /* PBXTargetDependency */,
			);
			name = ParstagramTests;
			productName = ParstagramTests;
			productReference = 0F2D4936260313AE006FF66A /* ParstagramTests.xctest */;
			productType = "com.apple.product-type.bundle.unit-test";
		};
		0F2D4940260313AE006FF66A /* ParstagramUITests */ = {
			isa = PBXNativeTarget;
			buildConfigurationList = 0F2D4950260313AE006FF66A /* Build configuration list for PBXNativeTarget "ParstagramUITests" */;
			buildPhases = (
				E2CC4929166BB2251ED9FCD3 /* [CP] Check Pods Manifest.lock */,
				0F2D493D260313AE006FF66A /* Sources */,
				0F2D493E260313AE006FF66A /* Frameworks */,
				0F2D493F260313AE006FF66A /* Resources */,
				D42340FDB71C7B83BA8C185E /* [CP] Embed Pods Frameworks */,
			);
			buildRules = (
			);
			dependencies = (
				0F2D4943260313AE006FF66A /* PBXTargetDependency */,
			);
			name = ParstagramUITests;
			productName = ParstagramUITests;
			productReference = 0F2D4941260313AE006FF66A /* ParstagramUITests.xctest */;
			productType = "com.apple.product-type.bundle.ui-testing";
		};
/* End PBXNativeTarget section */

/* Begin PBXProject section */
		0F2D4918260313AA006FF66A /* Project object */ = {
			isa = PBXProject;
			attributes = {
				LastSwiftUpdateCheck = 1240;
				LastUpgradeCheck = 1240;
				TargetAttributes = {
					0F2D491F260313AB006FF66A = {
						CreatedOnToolsVersion = 12.4;
					};
					0F2D4935260313AE006FF66A = {
						CreatedOnToolsVersion = 12.4;
						TestTargetID = 0F2D491F260313AB006FF66A;
					};
					0F2D4940260313AE006FF66A = {
						CreatedOnToolsVersion = 12.4;
						TestTargetID = 0F2D491F260313AB006FF66A;
					};
				};
			};
			buildConfigurationList = 0F2D491B260313AA006FF66A /* Build configuration list for PBXProject "Parstagram" */;
			compatibilityVersion = "Xcode 9.3";
			developmentRegion = en;
			hasScannedForEncodings = 0;
			knownRegions = (
				en,
				Base,
			);
			mainGroup = 0F2D4917260313AA006FF66A;
			productRefGroup = 0F2D4921260313AB006FF66A /* Products */;
			projectDirPath = "";
			projectRoot = "";
			targets = (
				0F2D491F260313AB006FF66A /* Parstagram */,
				0F2D4935260313AE006FF66A /* ParstagramTests */,
				0F2D4940260313AE006FF66A /* ParstagramUITests */,
			);
		};
/* End PBXProject section */

/* Begin PBXResourcesBuildPhase section */
		0F2D491E260313AB006FF66A /* Resources */ = {
			isa = PBXResourcesBuildPhase;
			buildActionMask = 2147483647;
			files = (
				0F2D4930260313AE006FF66A /* LaunchScreen.storyboard in Resources */,
				0F2D492D260313AE006FF66A /* Assets.xcassets in Resources */,
				0F2D492B260313AB006FF66A /* Main.storyboard in Resources */,
			);
			runOnlyForDeploymentPostprocessing = 0;
		};
		0F2D4934260313AE006FF66A /* Resources */ = {
			isa = PBXResourcesBuildPhase;
			buildActionMask = 2147483647;
			files = (
			);
			runOnlyForDeploymentPostprocessing = 0;
		};
		0F2D493F260313AE006FF66A /* Resources */ = {
			isa = PBXResourcesBuildPhase;
			buildActionMask = 2147483647;
			files = (
			);
			runOnlyForDeploymentPostprocessing = 0;
		};
/* End PBXResourcesBuildPhase section */

/* Begin PBXShellScriptBuildPhase section */
		623452A8F7F2F3686FEC56F8 /* [CP] Check Pods Manifest.lock */ = {
			isa = PBXShellScriptBuildPhase;
			buildActionMask = 2147483647;
			files = (
			);
			inputFileListPaths = (
			);
			inputPaths = (
				"${PODS_PODFILE_DIR_PATH}/Podfile.lock",
				"${PODS_ROOT}/Manifest.lock",
			);
			name = "[CP] Check Pods Manifest.lock";
			outputFileListPaths = (
			);
			outputPaths = (
				"$(DERIVED_FILE_DIR)/Pods-ParstagramTests-checkManifestLockResult.txt",
			);
			runOnlyForDeploymentPostprocessing = 0;
			shellPath = /bin/sh;
			shellScript = "diff \"${PODS_PODFILE_DIR_PATH}/Podfile.lock\" \"${PODS_ROOT}/Manifest.lock\" > /dev/null\nif [ $? != 0 ] ; then\n    # print error to STDERR\n    echo \"error: The sandbox is not in sync with the Podfile.lock. Run 'pod install' or update your CocoaPods installation.\" >&2\n    exit 1\nfi\n# This output is used by Xcode 'outputs' to avoid re-running this script phase.\necho \"SUCCESS\" > \"${SCRIPT_OUTPUT_FILE_0}\"\n";
			showEnvVarsInLog = 0;
		};
		74D036F2496004134CCC10DD /* [CP] Embed Pods Frameworks */ = {
			isa = PBXShellScriptBuildPhase;
			buildActionMask = 2147483647;
			files = (
			);
			inputFileListPaths = (
				"${PODS_ROOT}/Target Support Files/Pods-Parstagram/Pods-Parstagram-frameworks-${CONFIGURATION}-input-files.xcfilelist",
			);
			name = "[CP] Embed Pods Frameworks";
			outputFileListPaths = (
				"${PODS_ROOT}/Target Support Files/Pods-Parstagram/Pods-Parstagram-frameworks-${CONFIGURATION}-output-files.xcfilelist",
			);
			runOnlyForDeploymentPostprocessing = 0;
			shellPath = /bin/sh;
			shellScript = "\"${PODS_ROOT}/Target Support Files/Pods-Parstagram/Pods-Parstagram-frameworks.sh\"\n";
			showEnvVarsInLog = 0;
		};
		D42340FDB71C7B83BA8C185E /* [CP] Embed Pods Frameworks */ = {
			isa = PBXShellScriptBuildPhase;
			buildActionMask = 2147483647;
			files = (
			);
			inputFileListPaths = (
				"${PODS_ROOT}/Target Support Files/Pods-Parstagram-ParstagramUITests/Pods-Parstagram-ParstagramUITests-frameworks-${CONFIGURATION}-input-files.xcfilelist",
			);
			name = "[CP] Embed Pods Frameworks";
			outputFileListPaths = (
				"${PODS_ROOT}/Target Support Files/Pods-Parstagram-ParstagramUITests/Pods-Parstagram-ParstagramUITests-frameworks-${CONFIGURATION}-output-files.xcfilelist",
			);
			runOnlyForDeploymentPostprocessing = 0;
			shellPath = /bin/sh;
			shellScript = "\"${PODS_ROOT}/Target Support Files/Pods-Parstagram-ParstagramUITests/Pods-Parstagram-ParstagramUITests-frameworks.sh\"\n";
			showEnvVarsInLog = 0;
		};
		E2CC4929166BB2251ED9FCD3 /* [CP] Check Pods Manifest.lock */ = {
			isa = PBXShellScriptBuildPhase;
			buildActionMask = 2147483647;
			files = (
			);
			inputFileListPaths = (
			);
			inputPaths = (
				"${PODS_PODFILE_DIR_PATH}/Podfile.lock",
				"${PODS_ROOT}/Manifest.lock",
			);
			name = "[CP] Check Pods Manifest.lock";
			outputFileListPaths = (
			);
			outputPaths = (
				"$(DERIVED_FILE_DIR)/Pods-Parstagram-ParstagramUITests-checkManifestLockResult.txt",
			);
			runOnlyForDeploymentPostprocessing = 0;
			shellPath = /bin/sh;
			shellScript = "diff \"${PODS_PODFILE_DIR_PATH}/Podfile.lock\" \"${PODS_ROOT}/Manifest.lock\" > /dev/null\nif [ $? != 0 ] ; then\n    # print error to STDERR\n    echo \"error: The sandbox is not in sync with the Podfile.lock. Run 'pod install' or update your CocoaPods installation.\" >&2\n    exit 1\nfi\n# This output is used by Xcode 'outputs' to avoid re-running this script phase.\necho \"SUCCESS\" > \"${SCRIPT_OUTPUT_FILE_0}\"\n";
			showEnvVarsInLog = 0;
		};
		F3050B02B0DA3FA812CCA8F1 /* [CP] Check Pods Manifest.lock */ = {
			isa = PBXShellScriptBuildPhase;
			buildActionMask = 2147483647;
			files = (
			);
			inputFileListPaths = (
			);
			inputPaths = (
				"${PODS_PODFILE_DIR_PATH}/Podfile.lock",
				"${PODS_ROOT}/Manifest.lock",
			);
			name = "[CP] Check Pods Manifest.lock";
			outputFileListPaths = (
			);
			outputPaths = (
				"$(DERIVED_FILE_DIR)/Pods-Parstagram-checkManifestLockResult.txt",
			);
			runOnlyForDeploymentPostprocessing = 0;
			shellPath = /bin/sh;
			shellScript = "diff \"${PODS_PODFILE_DIR_PATH}/Podfile.lock\" \"${PODS_ROOT}/Manifest.lock\" > /dev/null\nif [ $? != 0 ] ; then\n    # print error to STDERR\n    echo \"error: The sandbox is not in sync with the Podfile.lock. Run 'pod install' or update your CocoaPods installation.\" >&2\n    exit 1\nfi\n# This output is used by Xcode 'outputs' to avoid re-running this script phase.\necho \"SUCCESS\" > \"${SCRIPT_OUTPUT_FILE_0}\"\n";
			showEnvVarsInLog = 0;
		};
/* End PBXShellScriptBuildPhase section */

/* Begin PBXSourcesBuildPhase section */
		0F2D491C260313AB006FF66A /* Sources */ = {
			isa = PBXSourcesBuildPhase;
			buildActionMask = 2147483647;
			files = (
				0F2D4963260317C4006FF66A /* LoginViewController.swift in Sources */,
				0FFA679B2606D7A5001DD235 /* CameraViewController.swift in Sources */,
				0F2D4924260313AB006FF66A /* AppDelegate.swift in Sources */,
				0F2D4968260317D3006FF66A /* FeedViewController.swift in Sources */,
				0F2D4926260313AB006FF66A /* SceneDelegate.swift in Sources */,
				0FFA67A02606ED63001DD235 /* PostCell.swift in Sources */,
			);
			runOnlyForDeploymentPostprocessing = 0;
		};
		0F2D4932260313AE006FF66A /* Sources */ = {
			isa = PBXSourcesBuildPhase;
			buildActionMask = 2147483647;
			files = (
				0F2D493B260313AE006FF66A /* ParstagramTests.swift in Sources */,
			);
			runOnlyForDeploymentPostprocessing = 0;
		};
		0F2D493D260313AE006FF66A /* Sources */ = {
			isa = PBXSourcesBuildPhase;
			buildActionMask = 2147483647;
			files = (
				0F2D4946260313AE006FF66A /* ParstagramUITests.swift in Sources */,
			);
			runOnlyForDeploymentPostprocessing = 0;
		};
/* End PBXSourcesBuildPhase section */

/* Begin PBXTargetDependency section */
		0F2D4938260313AE006FF66A /* PBXTargetDependency */ = {
			isa = PBXTargetDependency;
			target = 0F2D491F260313AB006FF66A /* Parstagram */;
			targetProxy = 0F2D4937260313AE006FF66A /* PBXContainerItemProxy */;
		};
		0F2D4943260313AE006FF66A /* PBXTargetDependency */ = {
			isa = PBXTargetDependency;
			target = 0F2D491F260313AB006FF66A /* Parstagram */;
			targetProxy = 0F2D4942260313AE006FF66A /* PBXContainerItemProxy */;
		};
/* End PBXTargetDependency section */

/* Begin PBXVariantGroup section */
		0F2D4929260313AB006FF66A /* Main.storyboard */ = {
			isa = PBXVariantGroup;
			children = (
				0F2D492A260313AB006FF66A /* Base */,
			);
			name = Main.storyboard;
			sourceTree = "<group>";
		};
		0F2D492E260313AE006FF66A /* LaunchScreen.storyboard */ = {
			isa = PBXVariantGroup;
			children = (
				0F2D492F260313AE006FF66A /* Base */,
			);
			name = LaunchScreen.storyboard;
			sourceTree = "<group>";
		};
/* End PBXVariantGroup section */

/* Begin XCBuildConfiguration section */
		0F2D4948260313AE006FF66A /* Debug */ = {
			isa = XCBuildConfiguration;
			buildSettings = {
				ALWAYS_SEARCH_USER_PATHS = NO;
				CLANG_ANALYZER_NONNULL = YES;
				CLANG_ANALYZER_NUMBER_OBJECT_CONVERSION = YES_AGGRESSIVE;
				CLANG_CXX_LANGUAGE_STANDARD = "gnu++14";
				CLANG_CXX_LIBRARY = "libc++";
				CLANG_ENABLE_MODULES = YES;
				CLANG_ENABLE_OBJC_ARC = YES;
				CLANG_ENABLE_OBJC_WEAK = YES;
				CLANG_WARN_BLOCK_CAPTURE_AUTORELEASING = YES;
				CLANG_WARN_BOOL_CONVERSION = YES;
				CLANG_WARN_COMMA = YES;
				CLANG_WARN_CONSTANT_CONVERSION = YES;
				CLANG_WARN_DEPRECATED_OBJC_IMPLEMENTATIONS = YES;
				CLANG_WARN_DIRECT_OBJC_ISA_USAGE = YES_ERROR;
				CLANG_WARN_DOCUMENTATION_COMMENTS = YES;
				CLANG_WARN_EMPTY_BODY = YES;
				CLANG_WARN_ENUM_CONVERSION = YES;
				CLANG_WARN_INFINITE_RECURSION = YES;
				CLANG_WARN_INT_CONVERSION = YES;
				CLANG_WARN_NON_LITERAL_NULL_CONVERSION = YES;
				CLANG_WARN_OBJC_IMPLICIT_RETAIN_SELF = YES;
				CLANG_WARN_OBJC_LITERAL_CONVERSION = YES;
				CLANG_WARN_OBJC_ROOT_CLASS = YES_ERROR;
				CLANG_WARN_QUOTED_INCLUDE_IN_FRAMEWORK_HEADER = YES;
				CLANG_WARN_RANGE_LOOP_ANALYSIS = YES;
				CLANG_WARN_STRICT_PROTOTYPES = YES;
				CLANG_WARN_SUSPICIOUS_MOVE = YES;
				CLANG_WARN_UNGUARDED_AVAILABILITY = YES_AGGRESSIVE;
				CLANG_WARN_UNREACHABLE_CODE = YES;
				CLANG_WARN__DUPLICATE_METHOD_MATCH = YES;
				COPY_PHASE_STRIP = NO;
				DEBUG_INFORMATION_FORMAT = dwarf;
				ENABLE_STRICT_OBJC_MSGSEND = YES;
				ENABLE_TESTABILITY = YES;
				GCC_C_LANGUAGE_STANDARD = gnu11;
				GCC_DYNAMIC_NO_PIC = NO;
				GCC_NO_COMMON_BLOCKS = YES;
				GCC_OPTIMIZATION_LEVEL = 0;
				GCC_PREPROCESSOR_DEFINITIONS = (
					"DEBUG=1",
					"$(inherited)",
				);
				GCC_WARN_64_TO_32_BIT_CONVERSION = YES;
				GCC_WARN_ABOUT_RETURN_TYPE = YES_ERROR;
				GCC_WARN_UNDECLARED_SELECTOR = YES;
				GCC_WARN_UNINITIALIZED_AUTOS = YES_AGGRESSIVE;
				GCC_WARN_UNUSED_FUNCTION = YES;
				GCC_WARN_UNUSED_VARIABLE = YES;
				IPHONEOS_DEPLOYMENT_TARGET = 14.4;
				MTL_ENABLE_DEBUG_INFO = INCLUDE_SOURCE;
				MTL_FAST_MATH = YES;
				ONLY_ACTIVE_ARCH = YES;
				SDKROOT = iphoneos;
				SWIFT_ACTIVE_COMPILATION_CONDITIONS = DEBUG;
				SWIFT_OPTIMIZATION_LEVEL = "-Onone";
			};
			name = Debug;
		};
		0F2D4949260313AE006FF66A /* Release */ = {
			isa = XCBuildConfiguration;
			buildSettings = {
				ALWAYS_SEARCH_USER_PATHS = NO;
				CLANG_ANALYZER_NONNULL = YES;
				CLANG_ANALYZER_NUMBER_OBJECT_CONVERSION = YES_AGGRESSIVE;
				CLANG_CXX_LANGUAGE_STANDARD = "gnu++14";
				CLANG_CXX_LIBRARY = "libc++";
				CLANG_ENABLE_MODULES = YES;
				CLANG_ENABLE_OBJC_ARC = YES;
				CLANG_ENABLE_OBJC_WEAK = YES;
				CLANG_WARN_BLOCK_CAPTURE_AUTORELEASING = YES;
				CLANG_WARN_BOOL_CONVERSION = YES;
				CLANG_WARN_COMMA = YES;
				CLANG_WARN_CONSTANT_CONVERSION = YES;
				CLANG_WARN_DEPRECATED_OBJC_IMPLEMENTATIONS = YES;
				CLANG_WARN_DIRECT_OBJC_ISA_USAGE = YES_ERROR;
				CLANG_WARN_DOCUMENTATION_COMMENTS = YES;
				CLANG_WARN_EMPTY_BODY = YES;
				CLANG_WARN_ENUM_CONVERSION = YES;
				CLANG_WARN_INFINITE_RECURSION = YES;
				CLANG_WARN_INT_CONVERSION = YES;
				CLANG_WARN_NON_LITERAL_NULL_CONVERSION = YES;
				CLANG_WARN_OBJC_IMPLICIT_RETAIN_SELF = YES;
				CLANG_WARN_OBJC_LITERAL_CONVERSION = YES;
				CLANG_WARN_OBJC_ROOT_CLASS = YES_ERROR;
				CLANG_WARN_QUOTED_INCLUDE_IN_FRAMEWORK_HEADER = YES;
				CLANG_WARN_RANGE_LOOP_ANALYSIS = YES;
				CLANG_WARN_STRICT_PROTOTYPES = YES;
				CLANG_WARN_SUSPICIOUS_MOVE = YES;
				CLANG_WARN_UNGUARDED_AVAILABILITY = YES_AGGRESSIVE;
				CLANG_WARN_UNREACHABLE_CODE = YES;
				CLANG_WARN__DUPLICATE_METHOD_MATCH = YES;
				COPY_PHASE_STRIP = NO;
				DEBUG_INFORMATION_FORMAT = "dwarf-with-dsym";
				ENABLE_NS_ASSERTIONS = NO;
				ENABLE_STRICT_OBJC_MSGSEND = YES;
				GCC_C_LANGUAGE_STANDARD = gnu11;
				GCC_NO_COMMON_BLOCKS = YES;
				GCC_WARN_64_TO_32_BIT_CONVERSION = YES;
				GCC_WARN_ABOUT_RETURN_TYPE = YES_ERROR;
				GCC_WARN_UNDECLARED_SELECTOR = YES;
				GCC_WARN_UNINITIALIZED_AUTOS = YES_AGGRESSIVE;
				GCC_WARN_UNUSED_FUNCTION = YES;
				GCC_WARN_UNUSED_VARIABLE = YES;
				IPHONEOS_DEPLOYMENT_TARGET = 14.4;
				MTL_ENABLE_DEBUG_INFO = NO;
				MTL_FAST_MATH = YES;
				SDKROOT = iphoneos;
				SWIFT_COMPILATION_MODE = wholemodule;
				SWIFT_OPTIMIZATION_LEVEL = "-O";
				VALIDATE_PRODUCT = YES;
			};
			name = Release;
		};
		0F2D494B260313AE006FF66A /* Debug */ = {
			isa = XCBuildConfiguration;
			baseConfigurationReference = 3D27F71B7D668416FD0DB147 /* Pods-Parstagram.debug.xcconfig */;
			buildSettings = {
				ASSETCATALOG_COMPILER_APPICON_NAME = AppIcon;
				ASSETCATALOG_COMPILER_GLOBAL_ACCENT_COLOR_NAME = AccentColor;
				CODE_SIGN_STYLE = Automatic;
				DEVELOPMENT_TEAM = XRX38B9WUW;
				INFOPLIST_FILE = Parstagram/Info.plist;
				LD_RUNPATH_SEARCH_PATHS = (
					"$(inherited)",
					"@executable_path/Frameworks",
				);
				PRODUCT_BUNDLE_IDENTIFIER = Dawa1022.Parstagram;
				PRODUCT_NAME = "$(TARGET_NAME)";
				SWIFT_VERSION = 5.0;
				TARGETED_DEVICE_FAMILY = "1,2";
			};
			name = Debug;
		};
		0F2D494C260313AE006FF66A /* Release */ = {
			isa = XCBuildConfiguration;
			baseConfigurationReference = C2435F3E946C816DB76F0CC9 /* Pods-Parstagram.release.xcconfig */;
			buildSettings = {
				ASSETCATALOG_COMPILER_APPICON_NAME = AppIcon;
				ASSETCATALOG_COMPILER_GLOBAL_ACCENT_COLOR_NAME = AccentColor;
				CODE_SIGN_STYLE = Automatic;
				DEVELOPMENT_TEAM = XRX38B9WUW;
				INFOPLIST_FILE = Parstagram/Info.plist;
				LD_RUNPATH_SEARCH_PATHS = (
					"$(inherited)",
					"@executable_path/Frameworks",
				);
				PRODUCT_BUNDLE_IDENTIFIER = Dawa1022.Parstagram;
				PRODUCT_NAME = "$(TARGET_NAME)";
				SWIFT_VERSION = 5.0;
				TARGETED_DEVICE_FAMILY = "1,2";
			};
			name = Release;
		};
		0F2D494E260313AE006FF66A /* Debug */ = {
			isa = XCBuildConfiguration;
			baseConfigurationReference = C736A2B6A365AEB039A80E9E /* Pods-ParstagramTests.debug.xcconfig */;
			buildSettings = {
				ALWAYS_EMBED_SWIFT_STANDARD_LIBRARIES = YES;
				BUNDLE_LOADER = "$(TEST_HOST)";
				CODE_SIGN_STYLE = Automatic;
				DEVELOPMENT_TEAM = XRX38B9WUW;
				INFOPLIST_FILE = ParstagramTests/Info.plist;
				IPHONEOS_DEPLOYMENT_TARGET = 14.4;
				LD_RUNPATH_SEARCH_PATHS = (
					"$(inherited)",
					"@executable_path/Frameworks",
					"@loader_path/Frameworks",
				);
				PRODUCT_BUNDLE_IDENTIFIER = Dawa1022.ParstagramTests;
				PRODUCT_NAME = "$(TARGET_NAME)";
				SWIFT_VERSION = 5.0;
				TARGETED_DEVICE_FAMILY = "1,2";
				TEST_HOST = "$(BUILT_PRODUCTS_DIR)/Parstagram.app/Parstagram";
			};
			name = Debug;
		};
		0F2D494F260313AE006FF66A /* Release */ = {
			isa = XCBuildConfiguration;
			baseConfigurationReference = A4C5C6EB6AF763E072453718 /* Pods-ParstagramTests.release.xcconfig */;
			buildSettings = {
				ALWAYS_EMBED_SWIFT_STANDARD_LIBRARIES = YES;
				BUNDLE_LOADER = "$(TEST_HOST)";
				CODE_SIGN_STYLE = Automatic;
				DEVELOPMENT_TEAM = XRX38B9WUW;
				INFOPLIST_FILE = ParstagramTests/Info.plist;
				IPHONEOS_DEPLOYMENT_TARGET = 14.4;
				LD_RUNPATH_SEARCH_PATHS = (
					"$(inherited)",
					"@executable_path/Frameworks",
					"@loader_path/Frameworks",
				);
				PRODUCT_BUNDLE_IDENTIFIER = Dawa1022.ParstagramTests;
				PRODUCT_NAME = "$(TARGET_NAME)";
				SWIFT_VERSION = 5.0;
				TARGETED_DEVICE_FAMILY = "1,2";
				TEST_HOST = "$(BUILT_PRODUCTS_DIR)/Parstagram.app/Parstagram";
			};
			name = Release;
		};
		0F2D4951260313AE006FF66A /* Debug */ = {
			isa = XCBuildConfiguration;
			baseConfigurationReference = 36C49934F41ED8EA40DCA73E /* Pods-Parstagram-ParstagramUITests.debug.xcconfig */;
			buildSettings = {
				ALWAYS_EMBED_SWIFT_STANDARD_LIBRARIES = YES;
				CODE_SIGN_STYLE = Automatic;
				DEVELOPMENT_TEAM = XRX38B9WUW;
				INFOPLIST_FILE = ParstagramUITests/Info.plist;
				LD_RUNPATH_SEARCH_PATHS = (
					"$(inherited)",
					"@executable_path/Frameworks",
					"@loader_path/Frameworks",
				);
				PRODUCT_BUNDLE_IDENTIFIER = Dawa1022.ParstagramUITests;
				PRODUCT_NAME = "$(TARGET_NAME)";
				SWIFT_VERSION = 5.0;
				TARGETED_DEVICE_FAMILY = "1,2";
				TEST_TARGET_NAME = Parstagram;
			};
			name = Debug;
		};
		0F2D4952260313AE006FF66A /* Release */ = {
			isa = XCBuildConfiguration;
			baseConfigurationReference = 3A93223418DB52AFC6F23D5D /* Pods-Parstagram-ParstagramUITests.release.xcconfig */;
			buildSettings = {
				ALWAYS_EMBED_SWIFT_STANDARD_LIBRARIES = YES;
				CODE_SIGN_STYLE = Automatic;
				DEVELOPMENT_TEAM = XRX38B9WUW;
				INFOPLIST_FILE = ParstagramUITests/Info.plist;
				LD_RUNPATH_SEARCH_PATHS = (
					"$(inherited)",
					"@executable_path/Frameworks",
					"@loader_path/Frameworks",
				);
				PRODUCT_BUNDLE_IDENTIFIER = Dawa1022.ParstagramUITests;
				PRODUCT_NAME = "$(TARGET_NAME)";
				SWIFT_VERSION = 5.0;
				TARGETED_DEVICE_FAMILY = "1,2";
				TEST_TARGET_NAME = Parstagram;
			};
			name = Release;
		};
/* End XCBuildConfiguration section */

/* Begin XCConfigurationList section */
		0F2D491B260313AA006FF66A /* Build configuration list for PBXProject "Parstagram" */ = {
			isa = XCConfigurationList;
			buildConfigurations = (
				0F2D4948260313AE006FF66A /* Debug */,
				0F2D4949260313AE006FF66A /* Release */,
			);
			defaultConfigurationIsVisible = 0;
			defaultConfigurationName = Release;
		};
		0F2D494A260313AE006FF66A /* Build configuration list for PBXNativeTarget "Parstagram" */ = {
			isa = XCConfigurationList;
			buildConfigurations = (
				0F2D494B260313AE006FF66A /* Debug */,
				0F2D494C260313AE006FF66A /* Release */,
			);
			defaultConfigurationIsVisible = 0;
			defaultConfigurationName = Release;
		};
		0F2D494D260313AE006FF66A /* Build configuration list for PBXNativeTarget "ParstagramTests" */ = {
			isa = XCConfigurationList;
			buildConfigurations = (
				0F2D494E260313AE006FF66A /* Debug */,
				0F2D494F260313AE006FF66A /* Release */,
			);
			defaultConfigurationIsVisible = 0;
			defaultConfigurationName = Release;
		};
		0F2D4950260313AE006FF66A /* Build configuration list for PBXNativeTarget "ParstagramUITests" */ = {
			isa = XCConfigurationList;
			buildConfigurations = (
				0F2D4951260313AE006FF66A /* Debug */,
				0F2D4952260313AE006FF66A /* Release */,
			);
			defaultConfigurationIsVisible = 0;
			defaultConfigurationName = Release;
		};
/* End XCConfigurationList section */
	};
	rootObject = 0F2D4918260313AA006FF66A /* Project object */;
}
